
Microsoft Visual Studio Solution File, Format Version 12.00
# Visual Studio 15
VisualStudioVersion = 15.0.28307.438
MinimumVisualStudioVersion = 10.0.40219.1
Project("{FAE04EC0-301F-11D3-BF4B-00C04F79EFBC}") = "SpooneritisMobile.Android", "SpooneritisMobile\SpooneritisMobile.Android\SpooneritisMobile.Android.csproj", "{BD3520DB-3EF2-43C0-9AC7-C047ECED0053}"
EndProject
Project("{FAE04EC0-301F-11D3-BF4B-00C04F79EFBC}") = "SpooneritisMobile.iOS", "SpooneritisMobile\SpooneritisMobile.iOS\SpooneritisMobile.iOS.csproj", "{966A543A-8719-447A-8BB2-F18B70316531}"
EndProject
Project("{FAE04EC0-301F-11D3-BF4B-00C04F79EFBC}") = "SpooneritisMobile", "SpooneritisMobile\SpooneritisMobile\SpooneritisMobile.csproj", "{57E4C963-49CF-4842-AEAC-E60155CF4FBC}"
EndProject
Global
	GlobalSection(SolutionConfigurationPlatforms) = preSolution
		Ad-Hoc|Any CPU = Ad-Hoc|Any CPU
		Ad-Hoc|iPhone = Ad-Hoc|iPhone
		Ad-Hoc|iPhoneSimulator = Ad-Hoc|iPhoneSimulator
		AppStore|Any CPU = AppStore|Any CPU
		AppStore|iPhone = AppStore|iPhone
		AppStore|iPhoneSimulator = AppStore|iPhoneSimulator
		Debug|Any CPU = Debug|Any CPU
		Debug|iPhone = Debug|iPhone
		Debug|iPhoneSimulator = Debug|iPhoneSimulator
		Release|Any CPU = Release|Any CPU
		Release|iPhone = Release|iPhone
		Release|iPhoneSimulator = Release|iPhoneSimulator
	EndGlobalSection
	GlobalSection(ProjectConfigurationPlatforms) = postSolution
		{BD3520DB-3EF2-43C0-9AC7-C047ECED0053}.Ad-Hoc|Any CPU.ActiveCfg = Release|Any CPU
		{BD3520DB-3EF2-43C0-9AC7-C047ECED0053}.Ad-Hoc|Any CPU.Build.0 = Release|Any CPU
		{BD3520DB-3EF2-43C0-9AC7-C047ECED0053}.Ad-Hoc|Any CPU.Deploy.0 = Release|Any CPU
		{BD3520DB-3EF2-43C0-9AC7-C047ECED0053}.Ad-Hoc|iPhone.ActiveCfg = Release|Any CPU
		{BD3520DB-3EF2-43C0-9AC7-C047ECED0053}.Ad-Hoc|iPhone.Build.0 = Release|Any CPU
		{BD3520DB-3EF2-43C0-9AC7-C047ECED0053}.Ad-Hoc|iPhone.Deploy.0 = Release|Any CPU
		{BD3520DB-3EF2-43C0-9AC7-C047ECED0053}.Ad-Hoc|iPhoneSimulator.ActiveCfg = Release|Any CPU
		{BD3520DB-3EF2-43C0-9AC7-C047ECED0053}.Ad-Hoc|iPhoneSimulator.Build.0 = Release|Any CPU
		{BD3520DB-3EF2-43C0-9AC7-C047ECED0053}.Ad-Hoc|iPhoneSimulator.Deploy.0 = Release|Any CPU
		{BD3520DB-3EF2-43C0-9AC7-C047ECED0053}.AppStore|Any CPU.ActiveCfg = Release|Any CPU
		{BD3520DB-3EF2-43C0-9AC7-C047ECED0053}.AppStore|Any CPU.Build.0 = Release|Any CPU
		{BD3520DB-3EF2-43C0-9AC7-C047ECED0053}.AppStore|Any CPU.Deploy.0 = Release|Any CPU
		{BD3520DB-3EF2-43C0-9AC7-C047ECED0053}.AppStore|iPhone.ActiveCfg = Release|Any CPU
		{BD3520DB-3EF2-43C0-9AC7-C047ECED0053}.AppStore|iPhone.Build.0 = Release|Any CPU
		{BD3520DB-3EF2-43C0-9AC7-C047ECED0053}.AppStore|iPhone.Deploy.0 = Release|Any CPU
		{BD3520DB-3EF2-43C0-9AC7-C047ECED0053}.AppStore|iPhoneSimulator.ActiveCfg = Release|Any CPU
		{BD3520DB-3EF2-43C0-9AC7-C047ECED0053}.AppStore|iPhoneSimulator.Build.0 = Release|Any CPU
		{BD3520DB-3EF2-43C0-9AC7-C047ECED0053}.AppStore|iPhoneSimulator.Deploy.0 = Release|Any CPU
		{BD3520DB-3EF2-43C0-9AC7-C047ECED0053}.Debug|Any CPU.ActiveCfg = Debug|Any CPU
		{BD3520DB-3EF2-43C0-9AC7-C047ECED0053}.Debug|Any CPU.Build.0 = Debug|Any CPU
		{BD3520DB-3EF2-43C0-9AC7-C047ECED0053}.Debug|Any CPU.Deploy.0 = Debug|Any CPU
		{BD3520DB-3EF2-43C0-9AC7-C047ECED0053}.Debug|iPhone.ActiveCfg = Debug|Any CPU
		{BD3520DB-3EF2-43C0-9AC7-C047ECED0053}.Debug|iPhone.Build.0 = Debug|Any CPU
		{BD3520DB-3EF2-43C0-9AC7-C047ECED0053}.Debug|iPhone.Deploy.0 = Debug|Any CPU
		{BD3520DB-3EF2-43C0-9AC7-C047ECED0053}.Debug|iPhoneSimulator.ActiveCfg = Debug|Any CPU
		{BD3520DB-3EF2-43C0-9AC7-C047ECED0053}.Debug|iPhoneSimulator.Build.0 = Debug|Any CPU
		{BD3520DB-3EF2-43C0-9AC7-C047ECED0053}.Debug|iPhoneSimulator.Deploy.0 = Debug|Any CPU
		{BD3520DB-3EF2-43C0-9AC7-C047ECED0053}.Release|Any CPU.ActiveCfg = Release|Any CPU
		{BD3520DB-3EF2-43C0-9AC7-C047ECED0053}.Release|Any CPU.Build.0 = Release|Any CPU
		{BD3520DB-3EF2-43C0-9AC7-C047ECED0053}.Release|Any CPU.Deploy.0 = Release|Any CPU
		{BD3520DB-3EF2-43C0-9AC7-C047ECED0053}.Release|iPhone.ActiveCfg = Release|Any CPU
		{BD3520DB-3EF2-43C0-9AC7-C047ECED0053}.Release|iPhone.Build.0 = Release|Any CPU
		{BD3520DB-3EF2-43C0-9AC7-C047ECED0053}.Release|iPhone.Deploy.0 = Release|Any CPU
		{BD3520DB-3EF2-43C0-9AC7-C047ECED0053}.Release|iPhoneSimulator.ActiveCfg = Release|Any CPU
		{BD3520DB-3EF2-43C0-9AC7-C047ECED0053}.Release|iPhoneSimulator.Build.0 = Release|Any CPU
		{BD3520DB-3EF2-43C0-9AC7-C047ECED0053}.Release|iPhoneSimulator.Deploy.0 = Release|Any CPU
		{966A543A-8719-447A-8BB2-F18B70316531}.Ad-Hoc|Any CPU.ActiveCfg = Ad-Hoc|iPhone
		{966A543A-8719-447A-8BB2-F18B70316531}.Ad-Hoc|Any CPU.Build.0 = Ad-Hoc|iPhone
		{966A543A-8719-447A-8BB2-F18B70316531}.Ad-Hoc|Any CPU.Deploy.0 = Ad-Hoc|iPhone
		{966A543A-8719-447A-8BB2-F18B70316531}.Ad-Hoc|iPhone.ActiveCfg = Ad-Hoc|iPhone
		{966A543A-8719-447A-8BB2-F18B70316531}.Ad-Hoc|iPhone.Build.0 = Ad-Hoc|iPhone
		{966A543A-8719-447A-8BB2-F18B70316531}.Ad-Hoc|iPhone.Deploy.0 = Ad-Hoc|iPhone
		{966A543A-8719-447A-8BB2-F18B70316531}.Ad-Hoc|iPhoneSimulator.ActiveCfg = Ad-Hoc|iPhoneSimulator
		{966A543A-8719-447A-8BB2-F18B70316531}.Ad-Hoc|iPhoneSimulator.Build.0 = Ad-Hoc|iPhoneSimulator
		{966A543A-8719-447A-8BB2-F18B70316531}.Ad-Hoc|iPhoneSimulator.Deploy.0 = Ad-Hoc|iPhoneSimulator
		{966A543A-8719-447A-8BB2-F18B70316531}.AppStore|Any CPU.ActiveCfg = AppStore|iPhone
		{966A543A-8719-447A-8BB2-F18B70316531}.AppStore|Any CPU.Build.0 = AppStore|iPhone
		{966A543A-8719-447A-8BB2-F18B70316531}.AppStore|Any CPU.Deploy.0 = AppStore|iPhone
		{966A543A-8719-447A-8BB2-F18B70316531}.AppStore|iPhone.ActiveCfg = AppStore|iPhone
		{966A543A-8719-447A-8BB2-F18B70316531}.AppStore|iPhone.Build.0 = AppStore|iPhone
		{966A543A-8719-447A-8BB2-F18B70316531}.AppStore|iPhone.Deploy.0 = AppStore|iPhone
		{966A543A-8719-447A-8BB2-F18B70316531}.AppStore|iPhoneSimulator.ActiveCfg = AppStore|iPhoneSimulator
		{966A543A-8719-447A-8BB2-F18B70316531}.AppStore|iPhoneSimulator.Build.0 = AppStore|iPhoneSimulator
		{966A543A-8719-447A-8BB2-F18B70316531}.AppStore|iPhoneSimulator.Deploy.0 = AppStore|iPhoneSimulator
		{966A543A-8719-447A-8BB2-F18B70316531}.Debug|Any CPU.ActiveCfg = Debug|iPhoneSimulator
		{966A543A-8719-447A-8BB2-F18B70316531}.Debug|Any CPU.Build.0 = Debug|iPhoneSimulator
		{966A543A-8719-447A-8BB2-F18B70316531}.Debug|Any CPU.Deploy.0 = Debug|iPhoneSimulator
		{966A543A-8719-447A-8BB2-F18B70316531}.Debug|iPhone.ActiveCfg = Debug|iPhone
		{966A543A-8719-447A-8BB2-F18B70316531}.Debug|iPhone.Build.0 = Debug|iPhone
		{966A543A-8719-447A-8BB2-F18B70316531}.Debug|iPhone.Deploy.0 = Debug|iPhone
		{966A543A-8719-447A-8BB2-F18B70316531}.Debug|iPhoneSimulator.ActiveCfg = Debug|iPhoneSimulator
		{966A543A-8719-447A-8BB2-F18B70316531}.Debug|iPhoneSimulator.Build.0 = Debug|iPhoneSimulator
		{966A543A-8719-447A-8BB2-F18B70316531}.Debug|iPhoneSimulator.Deploy.0 = Debug|iPhoneSimulator
		{966A543A-8719-447A-8BB2-F18B70316531}.Release|Any CPU.ActiveCfg = Release|iPhone
		{966A543A-8719-447A-8BB2-F18B70316531}.Release|Any CPU.Build.0 = Release|iPhone
		{966A543A-8719-447A-8BB2-F18B70316531}.Release|Any CPU.Deploy.0 = Release|iPhone
		{966A543A-8719-447A-8BB2-F18B70316531}.Release|iPhone.ActiveCfg = Release|iPhone
		{966A543A-8719-447A-8BB2-F18B70316531}.Release|iPhone.Build.0 = Release|iPhone
		{966A543A-8719-447A-8BB2-F18B70316531}.Release|iPhone.Deploy.0 = Release|iPhone
		{966A543A-8719-447A-8BB2-F18B70316531}.Release|iPhoneSimulator.ActiveCfg = Release|iPhoneSimulator
		{966A543A-8719-447A-8BB2-F18B70316531}.Release|iPhoneSimulator.Build.0 = Release|iPhoneSimulator
		{966A543A-8719-447A-8BB2-F18B70316531}.Release|iPhoneSimulator.Deploy.0 = Release|iPhoneSimulator
		{57E4C963-49CF-4842-AEAC-E60155CF4FBC}.Ad-Hoc|Any CPU.ActiveCfg = Debug|Any CPU
		{57E4C963-49CF-4842-AEAC-E60155CF4FBC}.Ad-Hoc|Any CPU.Build.0 = Debug|Any CPU
		{57E4C963-49CF-4842-AEAC-E60155CF4FBC}.Ad-Hoc|Any CPU.Deploy.0 = Debug|Any CPU
		{57E4C963-49CF-4842-AEAC-E60155CF4FBC}.Ad-Hoc|iPhone.ActiveCfg = Debug|Any CPU
		{57E4C963-49CF-4842-AEAC-E60155CF4FBC}.Ad-Hoc|iPhone.Build.0 = Debug|Any CPU
		{57E4C963-49CF-4842-AEAC-E60155CF4FBC}.Ad-Hoc|iPhone.Deploy.0 = Debug|Any CPU
		{57E4C963-49CF-4842-AEAC-E60155CF4FBC}.Ad-Hoc|iPhoneSimulator.ActiveCfg = Debug|Any CPU
		{57E4C963-49CF-4842-AEAC-E60155CF4FBC}.Ad-Hoc|iPhoneSimulator.Build.0 = Debug|Any CPU
		{57E4C963-49CF-4842-AEAC-E60155CF4FBC}.Ad-Hoc|iPhoneSimulator.Deploy.0 = Debug|Any CPU
		{57E4C963-49CF-4842-AEAC-E60155CF4FBC}.AppStore|Any CPU.ActiveCfg = Debug|Any CPU
		{57E4C963-49CF-4842-AEAC-E60155CF4FBC}.AppStore|Any CPU.Build.0 = Debug|Any CPU
		{57E4C963-49CF-4842-AEAC-E60155CF4FBC}.AppStore|Any CPU.Deploy.0 = Debug|Any CPU
		{57E4C963-49CF-4842-AEAC-E60155CF4FBC}.AppStore|iPhone.ActiveCfg = Debug|Any CPU
		{57E4C963-49CF-4842-AEAC-E60155CF4FBC}.AppStore|iPhone.Build.0 = Debug|Any CPU
		{57E4C963-49CF-4842-AEAC-E60155CF4FBC}.AppStore|iPhone.Deploy.0 = Debug|Any CPU
		{57E4C963-49CF-4842-AEAC-E60155CF4FBC}.AppStore|iPhoneSimulator.ActiveCfg = Debug|Any CPU
		{57E4C963-49CF-4842-AEAC-E60155CF4FBC}.AppStore|iPhoneSimulator.Build.0 = Debug|Any CPU
		{57E4C963-49CF-4842-AEAC-E60155CF4FBC}.AppStore|iPhoneSimulator.Deploy.0 = Debug|Any CPU
		{57E4C963-49CF-4842-AEAC-E60155CF4FBC}.Debug|Any CPU.ActiveCfg = Debug|Any CPU
		{57E4C963-49CF-4842-AEAC-E60155CF4FBC}.Debug|Any CPU.Build.0 = Debug|Any CPU
		{57E4C963-49CF-4842-AEAC-E60155CF4FBC}.Debug|Any CPU.Deploy.0 = Debug|Any CPU
		{57E4C963-49CF-4842-AEAC-E60155CF4FBC}.Debug|iPhone.ActiveCfg = Debug|Any CPU
		{57E4C963-49CF-4842-AEAC-E60155CF4FBC}.Debug|iPhone.Build.0 = Debug|Any CPU
		{57E4C963-49CF-4842-AEAC-E60155CF4FBC}.Debug|iPhone.Deploy.0 = Debug|Any CPU
		{57E4C963-49CF-4842-AEAC-E60155CF4FBC}.Debug|iPhoneSimulator.ActiveCfg = Debug|Any CPU
		{57E4C963-49CF-4842-AEAC-E60155CF4FBC}.Debug|iPhoneSimulator.Build.0 = Debug|Any CPU
		{57E4C963-49CF-4842-AEAC-E60155CF4FBC}.Debug|iPhoneSimulator.Deploy.0 = Debug|Any CPU
		{57E4C963-49CF-4842-AEAC-E60155CF4FBC}.Release|Any CPU.ActiveCfg = Release|Any CPU
		{57E4C963-49CF-4842-AEAC-E60155CF4FBC}.Release|Any CPU.Build.0 = Release|Any CPU
		{57E4C963-49CF-4842-AEAC-E60155CF4FBC}.Release|Any CPU.Deploy.0 = Release|Any CPU
		{57E4C963-49CF-4842-AEAC-E60155CF4FBC}.Release|iPhone.ActiveCfg = Release|Any CPU
		{57E4C963-49CF-4842-AEAC-E60155CF4FBC}.Release|iPhone.Build.0 = Release|Any CPU
		{57E4C963-49CF-4842-AEAC-E60155CF4FBC}.Release|iPhone.Deploy.0 = Release|Any CPU
		{57E4C963-49CF-4842-AEAC-E60155CF4FBC}.Release|iPhoneSimulator.ActiveCfg = Release|Any CPU
		{57E4C963-49CF-4842-AEAC-E60155CF4FBC}.Release|iPhoneSimulator.Build.0 = Release|Any CPU
		{57E4C963-49CF-4842-AEAC-E60155CF4FBC}.Release|iPhoneSimulator.Deploy.0 = Release|Any CPU
	EndGlobalSection
	GlobalSection(SolutionProperties) = preSolution
		HideSolutionNode = FALSE
	EndGlobalSection
	GlobalSection(ExtensibilityGlobals) = postSolution
		SolutionGuid = {E2AF2B45-AC0E-467D-BB6C-CAEF2622A0E0}
	EndGlobalSection
EndGlobal
